github.com/go-filesystems/hostcopy v0.1.0 h1:eNOy7iGrEe7dGZQ+UhnXJraZsnT+Ht3pP3OIWy69Wq0=
github.com/go-filesystems/hostcopy v0.1.0/go.mod h1:5HPox1vd9HgHm4tzbem2w3a/QxmM0gyxhFQmKBKMrKI=
github.com/go-filesystems/interface v0.5.0 h1:AsbSXYG5cp497Ki0Ez88s8wwrVEmeRmFLd40T4d3UwA=
github.com/go-filesystems/interface v0.5.0/go.mod h1:u9v8mvapNV8djzObwCECdyd2g6JBU6HNTR4EAqxOn6U=
golang.org/x/sys v0.48.0 h1:bbX/i/6MgT9BVLM9RT1thmxL04yeTAhbEz4SyadbXoo=
golang.org/x/sys v0.48.0/go.mod h1:hNLxWAXmnKAxqDtdwIYC4bM9oQPEecfsnNMuSxOs3og=
